# THIS IS AN AUTOGENERATED FILE. DO NOT EDIT THIS FILE DIRECTLY.
# yarn lockfile v1


codemirror@^5.65.1:
  version "5.65.1"
  resolved "https://registry.yarnpkg.com/codemirror/-/codemirror-5.65.1.tgz#5988a812c974c467f964bcc1a00c944e373de502"
  integrity sha512-s6aac+DD+4O2u1aBmdxhB7yz2XU7tG3snOyQ05Kxifahz7hoxnfxIRHxiCSEv3TUC38dIVH8G+lZH9UWSfGQxA==
